
Microsoft Visual Studio Solution File, Format Version 12.00
# Visual Studio Version 17
VisualStudioVersion = 17.7.34009.444
MinimumVisualStudioVersion = 10.0.40219.1
Project("{FAE04EC0-301F-11D3-BF4B-00C04F79EFBC}") = "Uygulama_23", "Uygulama_23\Uygulama_23.csproj", "{2C22BA92-1D4A-4508-B2CA-3AE8FCD86835}"
EndProject
Global
	GlobalSection(SolutionConfigurationPlatforms) = preSolution
		Debug|Any CPU = Debug|Any CPU
		Release|Any CPU = Release|Any CPU
	EndGlobalSection
	GlobalSection(ProjectConfigurationPlatforms) = postSolution
		{2C22BA92-1D4A-4508-B2CA-3AE8FCD86835}.Debug|Any CPU.ActiveCfg = Debug|Any CPU
		{2C22BA92-1D4A-4508-B2CA-3AE8FCD86835}.Debug|Any CPU.Build.0 = Debug|Any CPU
		{2C22BA92-1D4A-4508-B2CA-3AE8FCD86835}.Release|Any CPU.ActiveCfg = Release|Any CPU
		{2C22BA92-1D4A-4508-B2CA-3AE8FCD86835}.Release|Any CPU.Build.0 = Release|Any CPU
	EndGlobalSection
	GlobalSection(SolutionProperties) = preSolution
		HideSolutionNode = FALSE
	EndGlobalSection
	GlobalSection(ExtensibilityGlobals) = postSolution
		SolutionGuid = {66434056-32AF-4868-B7A8-DA86C865F1BE}
	EndGlobalSection
EndGlobal
